// !$*UTF8*$!
{
	archiveVersion = 1;
	classes = {
	};
	objectVersion = 46;
	objects = {

/* Begin PBXBuildFile section */
		17CB9E58BF93FDAD1AE22DB1 /* Pods_TVoxxTopShelf.framework in Frameworks */ = {isa = PBXBuildFile; fileRef = 7F3641F8034E5240B293D15E /* Pods_TVoxxTopShelf.framework */; };
		9B3C8E75D9D3D24F73424ADA /* Pods_TVoxxTests.framework in Frameworks */ = {isa = PBXBuildFile; fileRef = 5FC42EF8403B023C1E7F5581 /* Pods_TVoxxTests.framework */; };
		9D8CF20458609C7FDCF5EC76 /* Pods_TVoxxUITests.framework in Frameworks */ = {isa = PBXBuildFile; fileRef = 9FDAC8FE6F790DA0BA7CCE53 /* Pods_TVoxxUITests.framework */; };
		B3BD22DD4C641A3120A5E8FA /* Pods_TVoxx.framework in Frameworks */ = {isa = PBXBuildFile; fileRef = 94D7AB493CFE44362FCDBC40 /* Pods_TVoxx.framework */; };
		B90932671C066085008DD9B7 /* TVoxxServer.swift in Sources */ = {isa = PBXBuildFile; fileRef = B90932661C066085008DD9B7 /* TVoxxServer.swift */; };
		B916F6971C948C0C0003E182 /* SpeakerDetailViewController.swift in Sources */ = {isa = PBXBuildFile; fileRef = B916F6961C948C0C0003E182 /* SpeakerDetailViewController.swift */; };
		B928CC321C9C84990026E007 /* SearchResultsViewController.swift in Sources */ = {isa = PBXBuildFile; fileRef = B928CC311C9C84990026E007 /* SearchResultsViewController.swift */; };
		B93570401C8A5C18001F4589 /* TalkDetailViewController.swift in Sources */ = {isa = PBXBuildFile; fileRef = B935703F1C8A5C18001F4589 /* TalkDetailViewController.swift */; };
		B942BC201C9340E600957B11 /* SpeakersViewController.swift in Sources */ = {isa = PBXBuildFile; fileRef = B942BC1F1C9340E600957B11 /* SpeakersViewController.swift */; };
		B96286B01C878A02006B4142 /* TrackCollectionViewCell.swift in Sources */ = {isa = PBXBuildFile; fileRef = B96286AF1C878A02006B4142 /* TrackCollectionViewCell.swift */; };
		B96286B21C878FBF006B4142 /* TalkCollectionViewCell.swift in Sources */ = {isa = PBXBuildFile; fileRef = B96286B11C878FBF006B4142 /* TalkCollectionViewCell.swift */; };
		B96286B41C878FD7006B4142 /* TrackCollectionReusableView.swift in Sources */ = {isa = PBXBuildFile; fileRef = B96286B31C878FD7006B4142 /* TrackCollectionReusableView.swift */; };
		B98C9CFA1C066401007A47DE /* TalkListItem.swift in Sources */ = {isa = PBXBuildFile; fileRef = B98C9CF91C066401007A47DE /* TalkListItem.swift */; };
		B98FF7581BFFDAC70095FFBC /* AppDelegate.swift in Sources */ = {isa = PBXBuildFile; fileRef = B98FF7571BFFDAC70095FFBC /* AppDelegate.swift */; };
		B98FF75A1BFFDAC70095FFBC /* TracksViewController.swift in Sources */ = {isa = PBXBuildFile; fileRef = B98FF7591BFFDAC70095FFBC /* TracksViewController.swift */; };
		B98FF75F1BFFDAC70095FFBC /* Main.storyboard in Resources */ = {isa = PBXBuildFile; fileRef = B98FF75D1BFFDAC70095FFBC /* Main.storyboard */; };
		B98FF7611BFFDAC70095FFBC /* Assets.xcassets in Resources */ = {isa = PBXBuildFile; fileRef = B98FF7601BFFDAC70095FFBC /* Assets.xcassets */; };
		B98FF76C1BFFDAC70095FFBC /* TVoxxTests.swift in Sources */ = {isa = PBXBuildFile; fileRef = B98FF76B1BFFDAC70095FFBC /* TVoxxTests.swift */; };
		B98FF7771BFFDAC70095FFBC /* TVoxxUITests.swift in Sources */ = {isa = PBXBuildFile; fileRef = B98FF7761BFFDAC70095FFBC /* TVoxxUITests.swift */; };
		B99FEAD81C99B83500F7667A /* TVoxxServer.swift in Sources */ = {isa = PBXBuildFile; fileRef = B90932661C066085008DD9B7 /* TVoxxServer.swift */; };
		B99FEAD91C99B83800F7667A /* SpeakerListItem.swift in Sources */ = {isa = PBXBuildFile; fileRef = B9D13B0F1C0A878A00EB42DD /* SpeakerListItem.swift */; };
		B99FEADA1C99B83B00F7667A /* Track.swift in Sources */ = {isa = PBXBuildFile; fileRef = B9D13B111C0B2D7500EB42DD /* Track.swift */; };
		B99FEADB1C99B83E00F7667A /* TalkListItem.swift in Sources */ = {isa = PBXBuildFile; fileRef = B98C9CF91C066401007A47DE /* TalkListItem.swift */; };
		B99FEADC1C99B84100F7667A /* TalkDetail.swift in Sources */ = {isa = PBXBuildFile; fileRef = B9DCB72B1C8C5D88001B2585 /* TalkDetail.swift */; };
		B99FEADD1C99B84400F7667A /* SpeakerDetail.swift in Sources */ = {isa = PBXBuildFile; fileRef = B9AEA20F1C94C8D0005BC13B /* SpeakerDetail.swift */; };
		B9AEA2101C94C8D0005BC13B /* SpeakerDetail.swift in Sources */ = {isa = PBXBuildFile; fileRef = B9AEA20F1C94C8D0005BC13B /* SpeakerDetail.swift */; };
		B9D13B101C0A878A00EB42DD /* SpeakerListItem.swift in Sources */ = {isa = PBXBuildFile; fileRef = B9D13B0F1C0A878A00EB42DD /* SpeakerListItem.swift */; };
		B9D13B121C0B2D7500EB42DD /* Track.swift in Sources */ = {isa = PBXBuildFile; fileRef = B9D13B111C0B2D7500EB42DD /* Track.swift */; };
		B9D8673C1C0675E900F89F58 /* AVFoundation.framework in Frameworks */ = {isa = PBXBuildFile; fileRef = B9D8673A1C0675E900F89F58 /* AVFoundation.framework */; };
		B9D8673D1C0675E900F89F58 /* AVKit.framework in Frameworks */ = {isa = PBXBuildFile; fileRef = B9D8673B1C0675E900F89F58 /* AVKit.framework */; };
		B9DCB72C1C8C5D88001B2585 /* TalkDetail.swift in Sources */ = {isa = PBXBuildFile; fileRef = B9DCB72B1C8C5D88001B2585 /* TalkDetail.swift */; };
		B9DCB72E1C8CAF20001B2585 /* SpeakerCollectionViewCell.swift in Sources */ = {isa = PBXBuildFile; fileRef = B9DCB72D1C8CAF20001B2585 /* SpeakerCollectionViewCell.swift */; };
		B9DCB7301C8CB1F7001B2585 /* SpeakersCollectionReusableView.swift in Sources */ = {isa = PBXBuildFile; fileRef = B9DCB72F1C8CB1F7001B2585 /* SpeakersCollectionReusableView.swift */; };
		B9E216F61C8F2B0F001C4627 /* Utils.swift in Sources */ = {isa = PBXBuildFile; fileRef = B9E216F51C8F2B0F001C4627 /* Utils.swift */; };
		B9F41D501C974DA000780B4A /* TVServices.framework in Frameworks */ = {isa = PBXBuildFile; fileRef = B9F41D4F1C974DA000780B4A /* TVServices.framework */; };
		B9F41D531C974DA000780B4A /* ServiceProvider.swift in Sources */ = {isa = PBXBuildFile; fileRef = B9F41D521C974DA000780B4A /* ServiceProvider.swift */; };
		B9F41D571C974DA000780B4A /* TVoxxTopShelf.appex in Embed App Extensions */ = {isa = PBXBuildFile; fileRef = B9F41D4E1C974DA000780B4A /* TVoxxTopShelf.appex */; settings = {ATTRIBUTES = (RemoveHeadersOnCopy, ); }; };
		B9F8114C1C94DBBE0099031F /* TalksCollectionReusableView.swift in Sources */ = {isa = PBXBuildFile; fileRef = B9F8114B1C94DBBE0099031F /* TalksCollectionReusableView.swift */; };
/* End PBXBuildFile section */

/* Begin PBXContainerItemProxy section */
		B98FF7681BFFDAC70095FFBC /* PBXContainerItemProxy */ = {
			isa = PBXContainerItemProxy;
			containerPortal = B98FF74C1BFFDAC70095FFBC /* Project object */;
			proxyType = 1;
			remoteGlobalIDString = B98FF7531BFFDAC70095FFBC;
			remoteInfo = TVoxx;
		};
		B98FF7731BFFDAC70095FFBC /* PBXContainerItemProxy */ = {
			isa = PBXContainerItemProxy;
			containerPortal = B98FF74C1BFFDAC70095FFBC /* Project object */;
			proxyType = 1;
			remoteGlobalIDString = B98FF7531BFFDAC70095FFBC;
			remoteInfo = TVoxx;
		};
		B9F41D551C974DA000780B4A /* PBXContainerItemProxy */ = {
			isa = PBXContainerItemProxy;
			containerPortal = B98FF74C1BFFDAC70095FFBC /* Project object */;
			proxyType = 1;
			remoteGlobalIDString = B9F41D4D1C974DA000780B4A;
			remoteInfo = TVoxxTopShelf;
		};
/* End PBXContainerItemProxy section */

/* Begin PBXCopyFilesBuildPhase section */
		B9F41D5B1C974DA000780B4A /* Embed App Extensions */ = {
			isa = PBXCopyFilesBuildPhase;
			buildActionMask = 2147483647;
			dstPath = "";
			dstSubfolderSpec = 13;
			files = (
				B9F41D571C974DA000780B4A /* TVoxxTopShelf.appex in Embed App Extensions */,
			);
			name = "Embed App Extensions";
			runOnlyForDeploymentPostprocessing = 0;
		};
		B9F41D6D1C974EF400780B4A /* Embed Frameworks */ = {
			isa = PBXCopyFilesBuildPhase;
			buildActionMask = 2147483647;
			dstPath = "";
			dstSubfolderSpec = 10;
			files = (
			);
			name = "Embed Frameworks";
			runOnlyForDeploymentPostprocessing = 0;
		};
/* End PBXCopyFilesBuildPhase section */

/* Begin PBXFileReference section */
		36C47CAE0885434EE7C5EB26 /* Pods-TVoxxUITests.debug.xcconfig */ = {isa = PBXFileReference; includeInIndex = 1; lastKnownFileType = text.xcconfig; name = "Pods-TVoxxUITests.debug.xcconfig"; path = "Pods/Target Support Files/Pods-TVoxxUITests/Pods-TVoxxUITests.debug.xcconfig"; sourceTree = "<group>"; };
		4FB3FBE1B7CDBA18796CD697 /* Pods-TVoxx.release.xcconfig */ = {isa = PBXFileReference; includeInIndex = 1; lastKnownFileType = text.xcconfig; name = "Pods-TVoxx.release.xcconfig"; path = "Pods/Target Support Files/Pods-TVoxx/Pods-TVoxx.release.xcconfig"; sourceTree = "<group>"; };
		583540FA31A30FA484500274 /* Pods-TVoxxTests.release.xcconfig */ = {isa = PBXFileReference; includeInIndex = 1; lastKnownFileType = text.xcconfig; name = "Pods-TVoxxTests.release.xcconfig"; path = "Pods/Target Support Files/Pods-TVoxxTests/Pods-TVoxxTests.release.xcconfig"; sourceTree = "<group>"; };
		5FC42EF8403B023C1E7F5581 /* Pods_TVoxxTests.framework */ = {isa = PBXFileReference; explicitFileType = wrapper.framework; includeInIndex = 0; path = Pods_TVoxxTests.framework; sourceTree = BUILT_PRODUCTS_DIR; };
		7F3641F8034E5240B293D15E /* Pods_TVoxxTopShelf.framework */ = {isa = PBXFileReference; explicitFileType = wrapper.framework; includeInIndex = 0; path = Pods_TVoxxTopShelf.framework; sourceTree = BUILT_PRODUCTS_DIR; };
		94D7AB493CFE44362FCDBC40 /* Pods_TVoxx.framework */ = {isa = PBXFileReference; explicitFileType = wrapper.framework; includeInIndex = 0; path = Pods_TVoxx.framework; sourceTree = BUILT_PRODUCTS_DIR; };
		9FDAC8FE6F790DA0BA7CCE53 /* Pods_TVoxxUITests.framework */ = {isa = PBXFileReference; explicitFileType = wrapper.framework; includeInIndex = 0; path = Pods_TVoxxUITests.framework; sourceTree = BUILT_PRODUCTS_DIR; };
		B90932661C066085008DD9B7 /* TVoxxServer.swift */ = {isa = PBXFileReference; fileEncoding = 4; lastKnownFileType = sourcecode.swift; path = TVoxxServer.swift; sourceTree = "<group>"; };
		B916F6961C948C0C0003E182 /* SpeakerDetailViewController.swift */ = {isa = PBXFileReference; fileEncoding = 4; lastKnownFileType = sourcecode.swift; path = SpeakerDetailViewController.swift; sourceTree = "<group>"; };
		B928CC311C9C84990026E007 /* SearchResultsViewController.swift */ = {isa = PBXFileReference; fileEncoding = 4; lastKnownFileType = sourcecode.swift; path = SearchResultsViewController.swift; sourceTree = "<group>"; };
		B935703F1C8A5C18001F4589 /* TalkDetailViewController.swift */ = {isa = PBXFileReference; fileEncoding = 4; lastKnownFileType = sourcecode.swift; path = TalkDetailViewController.swift; sourceTree = "<group>"; };
		B942BC1F1C9340E600957B11 /* SpeakersViewController.swift */ = {isa = PBXFileReference; fileEncoding = 4; lastKnownFileType = sourcecode.swift; path = SpeakersViewController.swift; sourceTree = "<group>"; };
		B96286AF1C878A02006B4142 /* TrackCollectionViewCell.swift */ = {isa = PBXFileReference; fileEncoding = 4; lastKnownFileType = sourcecode.swift; path = TrackCollectionViewCell.swift; sourceTree = "<group>"; };
		B96286B11C878FBF006B4142 /* TalkCollectionViewCell.swift */ = {isa = PBXFileReference; fileEncoding = 4; lastKnownFileType = sourcecode.swift; path = TalkCollectionViewCell.swift; sourceTree = "<group>"; };
		B96286B31C878FD7006B4142 /* TrackCollectionReusableView.swift */ = {isa = PBXFileReference; fileEncoding = 4; lastKnownFileType = sourcecode.swift; path = TrackCollectionReusableView.swift; sourceTree = "<group>"; };
		B98C9CF91C066401007A47DE /* TalkListItem.swift */ = {isa = PBXFileReference; fileEncoding = 4; lastKnownFileType = sourcecode.swift; path = TalkListItem.swift; sourceTree = "<group>"; };
		B98FF7541BFFDAC70095FFBC /* TVoxx.app */ = {isa = PBXFileReference; explicitFileType = wrapper.application; includeInIndex = 0; path = TVoxx.app; sourceTree = BUILT_PRODUCTS_DIR; };
		B98FF7571BFFDAC70095FFBC /* AppDelegate.swift */ = {isa = PBXFileReference; lastKnownFileType = sourcecode.swift; path = AppDelegate.swift; sourceTree = "<group>"; };
		B98FF7591BFFDAC70095FFBC /* TracksViewController.swift */ = {isa = PBXFileReference; lastKnownFileType = sourcecode.swift; path = TracksViewController.swift; sourceTree = "<group>"; };
		B98FF75E1BFFDAC70095FFBC /* Base */ = {isa = PBXFileReference; lastKnownFileType = file.storyboard; name = Base; path = Base.lproj/Main.storyboard; sourceTree = "<group>"; };
		B98FF7601BFFDAC70095FFBC /* Assets.xcassets */ = {isa = PBXFileReference; lastKnownFileType = folder.assetcatalog; path = Assets.xcassets; sourceTree = "<group>"; };
		B98FF7621BFFDAC70095FFBC /* Info.plist */ = {isa = PBXFileReference; lastKnownFileType = text.plist.xml; path = Info.plist; sourceTree = "<group>"; };
		B98FF7671BFFDAC70095FFBC /* TVoxxTests.xctest */ = {isa = PBXFileReference; explicitFileType = wrapper.cfbundle; includeInIndex = 0; path = TVoxxTests.xctest; sourceTree = BUILT_PRODUCTS_DIR; };
		B98FF76B1BFFDAC70095FFBC /* TVoxxTests.swift */ = {isa = PBXFileReference; lastKnownFileType = sourcecode.swift; path = TVoxxTests.swift; sourceTree = "<group>"; };
		B98FF76D1BFFDAC70095FFBC /* Info.plist */ = {isa = PBXFileReference; lastKnownFileType = text.plist.xml; path = Info.plist; sourceTree = "<group>"; };
		B98FF7721BFFDAC70095FFBC /* TVoxxUITests.xctest */ = {isa = PBXFileReference; explicitFileType = wrapper.cfbundle; includeInIndex = 0; path = TVoxxUITests.xctest; sourceTree = BUILT_PRODUCTS_DIR; };
		B98FF7761BFFDAC70095FFBC /* TVoxxUITests.swift */ = {isa = PBXFileReference; lastKnownFileType = sourcecode.swift; path = TVoxxUITests.swift; sourceTree = "<group>"; };
		B98FF7781BFFDAC70095FFBC /* Info.plist */ = {isa = PBXFileReference; lastKnownFileType = text.plist.xml; path = Info.plist; sourceTree = "<group>"; };
		B9AEA20F1C94C8D0005BC13B /* SpeakerDetail.swift */ = {isa = PBXFileReference; fileEncoding = 4; lastKnownFileType = sourcecode.swift; path = SpeakerDetail.swift; sourceTree = "<group>"; };
		B9D13B0F1C0A878A00EB42DD /* SpeakerListItem.swift */ = {isa = PBXFileReference; fileEncoding = 4; lastKnownFileType = sourcecode.swift; path = SpeakerListItem.swift; sourceTree = "<group>"; };
		B9D13B111C0B2D7500EB42DD /* Track.swift */ = {isa = PBXFileReference; fileEncoding = 4; lastKnownFileType = sourcecode.swift; path = Track.swift; sourceTree = "<group>"; };
		B9D8673A1C0675E900F89F58 /* AVFoundation.framework */ = {isa = PBXFileReference; lastKnownFileType = wrapper.framework; name = AVFoundation.framework; path = System/Library/Frameworks/AVFoundation.framework; sourceTree = SDKROOT; };
		B9D8673B1C0675E900F89F58 /* AVKit.framework */ = {isa = PBXFileReference; lastKnownFileType = wrapper.framework; name = AVKit.framework; path = System/Library/Frameworks/AVKit.framework; sourceTree = SDKROOT; };
		B9DCB72B1C8C5D88001B2585 /* TalkDetail.swift */ = {isa = PBXFileReference; fileEncoding = 4; lastKnownFileType = sourcecode.swift; path = TalkDetail.swift; sourceTree = "<group>"; };
		B9DCB72D1C8CAF20001B2585 /* SpeakerCollectionViewCell.swift */ = {isa = PBXFileReference; fileEncoding = 4; lastKnownFileType = sourcecode.swift; path = SpeakerCollectionViewCell.swift; sourceTree = "<group>"; };
		B9DCB72F1C8CB1F7001B2585 /* SpeakersCollectionReusableView.swift */ = {isa = PBXFileReference; fileEncoding = 4; lastKnownFileType = sourcecode.swift; path = SpeakersCollectionReusableView.swift; sourceTree = "<group>"; };
		B9E216F51C8F2B0F001C4627 /* Utils.swift */ = {isa = PBXFileReference; fileEncoding = 4; lastKnownFileType = sourcecode.swift; path = Utils.swift; sourceTree = "<group>"; };
		B9F41D4E1C974DA000780B4A /* TVoxxTopShelf.appex */ = {isa = PBXFileReference; explicitFileType = "wrapper.app-extension"; includeInIndex = 0; path = TVoxxTopShelf.appex; sourceTree = BUILT_PRODUCTS_DIR; };
		B9F41D4F1C974DA000780B4A /* TVServices.framework */ = {isa = PBXFileReference; lastKnownFileType = wrapper.framework; name = TVServices.framework; path = System/Library/Frameworks/TVServices.framework; sourceTree = SDKROOT; };
		B9F41D521C974DA000780B4A /* ServiceProvider.swift */ = {isa = PBXFileReference; lastKnownFileType = sourcecode.swift; path = ServiceProvider.swift; sourceTree = "<group>"; };
		B9F41D541C974DA000780B4A /* Info.plist */ = {isa = PBXFileReference; lastKnownFileType = text.plist.xml; path = Info.plist; sourceTree = "<group>"; };
		B9F8114B1C94DBBE0099031F /* TalksCollectionReusableView.swift */ = {isa = PBXFileReference; fileEncoding = 4; lastKnownFileType = sourcecode.swift; path = TalksCollectionReusableView.swift; sourceTree = "<group>"; };
		BB824B1776BB7ADC3A32CEF6 /* Pods-TVoxxUITests.release.xcconfig */ = {isa = PBXFileReference; includeInIndex = 1; lastKnownFileType = text.xcconfig; name = "Pods-TVoxxUITests.release.xcconfig"; path = "Pods/Target Support Files/Pods-TVoxxUITests/Pods-TVoxxUITests.release.xcconfig"; sourceTree = "<group>"; };
		CF4B509857BA6A1C5BC23796 /* Pods-TVoxx.debug.xcconfig */ = {isa = PBXFileReference; includeInIndex = 1; lastKnownFileType = text.xcconfig; name = "Pods-TVoxx.debug.xcconfig"; path = "Pods/Target Support Files/Pods-TVoxx/Pods-TVoxx.debug.xcconfig"; sourceTree = "<group>"; };
		D2FD7D25B043B392BD9D7623 /* Pods-TVoxxTopShelf.release.xcconfig */ = {isa = PBXFileReference; includeInIndex = 1; lastKnownFileType = text.xcconfig; name = "Pods-TVoxxTopShelf.release.xcconfig"; path = "Pods/Target Support Files/Pods-TVoxxTopShelf/Pods-TVoxxTopShelf.release.xcconfig"; sourceTree = "<group>"; };
		D56459534C5C7660672D9690 /* Pods-TVoxxTests.debug.xcconfig */ = {isa = PBXFileReference; includeInIndex = 1; lastKnownFileType = text.xcconfig; name = "Pods-TVoxxTests.debug.xcconfig"; path = "Pods/Target Support Files/Pods-TVoxxTests/Pods-TVoxxTests.debug.xcconfig"; sourceTree = "<group>"; };
		E1025217F9F93459C9A160CA /* Pods-TVoxxTopShelf.debug.xcconfig */ = {isa = PBXFileReference; includeInIndex = 1; lastKnownFileType = text.xcconfig; name = "Pods-TVoxxTopShelf.debug.xcconfig"; path = "Pods/Target Support Files/Pods-TVoxxTopShelf/Pods-TVoxxTopShelf.debug.xcconfig"; sourceTree = "<group>"; };
/* End PBXFileReference section */

/* Begin PBXFrameworksBuildPhase section */
		B98FF7511BFFDAC70095FFBC /* Frameworks */ = {
			isa = PBXFrameworksBuildPhase;
			buildActionMask = 2147483647;
			files = (
				B9D8673C1C0675E900F89F58 /* AVFoundation.framework in Frameworks */,
				B9D8673D1C0675E900F89F58 /* AVKit.framework in Frameworks */,
				B3BD22DD4C641A3120A5E8FA /* Pods_TVoxx.framework in Frameworks */,
			);
			runOnlyForDeploymentPostprocessing = 0;
		};
		B98FF7641BFFDAC70095FFBC /* Frameworks */ = {
			isa = PBXFrameworksBuildPhase;
			buildActionMask = 2147483647;
			files = (
				9B3C8E75D9D3D24F73424ADA /* Pods_TVoxxTests.framework in Frameworks */,
			);
			runOnlyForDeploymentPostprocessing = 0;
		};
		B98FF76F1BFFDAC70095FFBC /* Frameworks */ = {
			isa = PBXFrameworksBuildPhase;
			buildActionMask = 2147483647;
			files = (
				9D8CF20458609C7FDCF5EC76 /* Pods_TVoxxUITests.framework in Frameworks */,
			);
			runOnlyForDeploymentPostprocessing = 0;
		};
		B9F41D4B1C974DA000780B4A /* Frameworks */ = {
			isa = PBXFrameworksBuildPhase;
			buildActionMask = 2147483647;
			files = (
				B9F41D501C974DA000780B4A /* TVServices.framework in Frameworks */,
				17CB9E58BF93FDAD1AE22DB1 /* Pods_TVoxxTopShelf.framework in Frameworks */,
			);
			runOnlyForDeploymentPostprocessing = 0;
		};
/* End PBXFrameworksBuildPhase section */

/* Begin PBXGroup section */
		7E29EDBB047F4CC35A10D5A4 /* Pods */ = {
			isa = PBXGroup;
			children = (
				CF4B509857BA6A1C5BC23796 /* Pods-TVoxx.debug.xcconfig */,
				4FB3FBE1B7CDBA18796CD697 /* Pods-TVoxx.release.xcconfig */,
				D56459534C5C7660672D9690 /* Pods-TVoxxTests.debug.xcconfig */,
				583540FA31A30FA484500274 /* Pods-TVoxxTests.release.xcconfig */,
				E1025217F9F93459C9A160CA /* Pods-TVoxxTopShelf.debug.xcconfig */,
				D2FD7D25B043B392BD9D7623 /* Pods-TVoxxTopShelf.release.xcconfig */,
				36C47CAE0885434EE7C5EB26 /* Pods-TVoxxUITests.debug.xcconfig */,
				BB824B1776BB7ADC3A32CEF6 /* Pods-TVoxxUITests.release.xcconfig */,
			);
			name = Pods;
			sourceTree = "<group>";
		};
		A81E107644D8E995BA1C43D7 /* Frameworks */ = {
			isa = PBXGroup;
			children = (
				B9D8673A1C0675E900F89F58 /* AVFoundation.framework */,
				B9D8673B1C0675E900F89F58 /* AVKit.framework */,
				B9F41D4F1C974DA000780B4A /* TVServices.framework */,
				94D7AB493CFE44362FCDBC40 /* Pods_TVoxx.framework */,
				5FC42EF8403B023C1E7F5581 /* Pods_TVoxxTests.framework */,
				7F3641F8034E5240B293D15E /* Pods_TVoxxTopShelf.framework */,
				9FDAC8FE6F790DA0BA7CCE53 /* Pods_TVoxxUITests.framework */,
			);
			name = Frameworks;
			sourceTree = "<group>";
		};
		B96286AE1C878847006B4142 /* Domain */ = {
			isa = PBXGroup;
			children = (
				B90932661C066085008DD9B7 /* TVoxxServer.swift */,
				B9D13B0F1C0A878A00EB42DD /* SpeakerListItem.swift */,
				B9D13B111C0B2D7500EB42DD /* Track.swift */,
				B98C9CF91C066401007A47DE /* TalkListItem.swift */,
				B9DCB72B1C8C5D88001B2585 /* TalkDetail.swift */,
				B9AEA20F1C94C8D0005BC13B /* SpeakerDetail.swift */,
			);
			name = Domain;
			sourceTree = "<group>";
		};
		B98FF74B1BFFDAC70095FFBC = {
			isa = PBXGroup;
			children = (
				B98FF7561BFFDAC70095FFBC /* TVoxx */,
				B98FF76A1BFFDAC70095FFBC /* TVoxxTests */,
				B98FF7751BFFDAC70095FFBC /* TVoxxUITests */,
				B9F41D511C974DA000780B4A /* TVoxxTopShelf */,
				B98FF7551BFFDAC70095FFBC /* Products */,
				A81E107644D8E995BA1C43D7 /* Frameworks */,
				7E29EDBB047F4CC35A10D5A4 /* Pods */,
			);
			sourceTree = "<group>";
		};
		B98FF7551BFFDAC70095FFBC /* Products */ = {
			isa = PBXGroup;
			children = (
				B98FF7541BFFDAC70095FFBC /* TVoxx.app */,
				B98FF7671BFFDAC70095FFBC /* TVoxxTests.xctest */,
				B98FF7721BFFDAC70095FFBC /* TVoxxUITests.xctest */,
				B9F41D4E1C974DA000780B4A /* TVoxxTopShelf.appex */,
			);
			name = Products;
			sourceTree = "<group>";
		};
		B98FF7561BFFDAC70095FFBC /* TVoxx */ = {
			isa = PBXGroup;
			children = (
				B96286AE1C878847006B4142 /* Domain */,
				B98FF7601BFFDAC70095FFBC /* Assets.xcassets */,
				B98FF7621BFFDAC70095FFBC /* Info.plist */,
				B98FF75D1BFFDAC70095FFBC /* Main.storyboard */,
				B98FF7571BFFDAC70095FFBC /* AppDelegate.swift */,
				B98FF7591BFFDAC70095FFBC /* TracksViewController.swift */,
				B96286B31C878FD7006B4142 /* TrackCollectionReusableView.swift */,
				B96286AF1C878A02006B4142 /* TrackCollectionViewCell.swift */,
				B96286B11C878FBF006B4142 /* TalkCollectionViewCell.swift */,
				B935703F1C8A5C18001F4589 /* TalkDetailViewController.swift */,
				B9DCB72D1C8CAF20001B2585 /* SpeakerCollectionViewCell.swift */,
				B9DCB72F1C8CB1F7001B2585 /* SpeakersCollectionReusableView.swift */,
				B9E216F51C8F2B0F001C4627 /* Utils.swift */,
				B942BC1F1C9340E600957B11 /* SpeakersViewController.swift */,
				B916F6961C948C0C0003E182 /* SpeakerDetailViewController.swift */,
				B9F8114B1C94DBBE0099031F /* TalksCollectionReusableView.swift */,
				B928CC311C9C84990026E007 /* SearchResultsViewController.swift */,
			);
			path = TVoxx;
			sourceTree = "<group>";
		};
		B98FF76A1BFFDAC70095FFBC /* TVoxxTests */ = {
			isa = PBXGroup;
			children = (
				B98FF76B1BFFDAC70095FFBC /* TVoxxTests.swift */,
				B98FF76D1BFFDAC70095FFBC /* Info.plist */,
			);
			path = TVoxxTests;
			sourceTree = "<group>";
		};
		B98FF7751BFFDAC70095FFBC /* TVoxxUITests */ = {
			isa = PBXGroup;
			children = (
				B98FF7761BFFDAC70095FFBC /* TVoxxUITests.swift */,
				B98FF7781BFFDAC70095FFBC /* Info.plist */,
			);
			path = TVoxxUITests;
			sourceTree = "<group>";
		};
		B9F41D511C974DA000780B4A /* TVoxxTopShelf */ = {
			isa = PBXGroup;
			children = (
				B9F41D521C974DA000780B4A /* ServiceProvider.swift */,
				B9F41D541C974DA000780B4A /* Info.plist */,
			);
			path = TVoxxTopShelf;
			sourceTree = "<group>";
		};
/* End PBXGroup section */

/* Begin PBXNativeTarget section */
		B98FF7531BFFDAC70095FFBC /* TVoxx */ = {
			isa = PBXNativeTarget;
			buildConfigurationList = B98FF77B1BFFDAC70095FFBC /* Build configuration list for PBXNativeTarget "TVoxx" */;
			buildPhases = (
				F9D564C3E6C2F658079AFB41 /* 📦 Check Pods Manifest.lock */,
				B98FF7501BFFDAC70095FFBC /* Sources */,
				B98FF7511BFFDAC70095FFBC /* Frameworks */,
				B98FF7521BFFDAC70095FFBC /* Resources */,
				B9F41D5B1C974DA000780B4A /* Embed App Extensions */,
				B9F41D6D1C974EF400780B4A /* Embed Frameworks */,
				1480503FEC9B7D817D691C88 /* 📦 Embed Pods Frameworks */,
				D37883EC41B38DF42C4E831F /* 📦 Copy Pods Resources */,
			);
			buildRules = (
			);
			dependencies = (
				B9F41D561C974DA000780B4A /* PBXTargetDependency */,
			);
			name = TVoxx;
			productName = TVoxx;
			productReference = B98FF7541BFFDAC70095FFBC /* TVoxx.app */;
			productType = "com.apple.product-type.application";
		};
		B98FF7661BFFDAC70095FFBC /* TVoxxTests */ = {
			isa = PBXNativeTarget;
			buildConfigurationList = B98FF77E1BFFDAC70095FFBC /* Build configuration list for PBXNativeTarget "TVoxxTests" */;
			buildPhases = (
				24F6B23348F861E7637BA2B7 /* 📦 Check Pods Manifest.lock */,
				B98FF7631BFFDAC70095FFBC /* Sources */,
				B98FF7641BFFDAC70095FFBC /* Frameworks */,
				B98FF7651BFFDAC70095FFBC /* Resources */,
				598BB723EE1EDB4182A45BF3 /* 📦 Embed Pods Frameworks */,
				BF4C87D685FA52D0E7418D9E /* 📦 Copy Pods Resources */,
			);
			buildRules = (
			);
			dependencies = (
				B98FF7691BFFDAC70095FFBC /* PBXTargetDependency */,
			);
			name = TVoxxTests;
			productName = TVoxxTests;
			productReference = B98FF7671BFFDAC70095FFBC /* TVoxxTests.xctest */;
			productType = "com.apple.product-type.bundle.unit-test";
		};
		B98FF7711BFFDAC70095FFBC /* TVoxxUITests */ = {
			isa = PBXNativeTarget;
			buildConfigurationList = B98FF7811BFFDAC70095FFBC /* Build configuration list for PBXNativeTarget "TVoxxUITests" */;
			buildPhases = (
				9D5F1D27759547A4D4411398 /* 📦 Check Pods Manifest.lock */,
				B98FF76E1BFFDAC70095FFBC /* Sources */,
				B98FF76F1BFFDAC70095FFBC /* Frameworks */,
				B98FF7701BFFDAC70095FFBC /* Resources */,
				EB893B3A5E7CB23744DD1BD6 /* 📦 Copy Pods Resources */,
			);
			buildRules = (
			);
			dependencies = (
				B98FF7741BFFDAC70095FFBC /* PBXTargetDependency */,
			);
			name = TVoxxUITests;
			productName = TVoxxUITests;
			productReference = B98FF7721BFFDAC70095FFBC /* TVoxxUITests.xctest */;
			productType = "com.apple.product-type.bundle.ui-testing";
		};
		B9F41D4D1C974DA000780B4A /* TVoxxTopShelf */ = {
			isa = PBXNativeTarget;
			buildConfigurationList = B9F41D5A1C974DA000780B4A /* Build configuration list for PBXNativeTarget "TVoxxTopShelf" */;
			buildPhases = (
				B4DB1D81D44265CDD1C690CD /* 📦 Check Pods Manifest.lock */,
				B9F41D4A1C974DA000780B4A /* Sources */,
				B9F41D4B1C974DA000780B4A /* Frameworks */,
				B9F41D4C1C974DA000780B4A /* Resources */,
				B9E48B031C99E18F00D2A5AE /* ShellScript */,
				46A3E931D0B517D9931A4E80 /* 📦 Copy Pods Resources */,
			);
			buildRules = (
			);
			dependencies = (
			);
			name = TVoxxTopShelf;
			productName = TVoxxTopShelf;
			productReference = B9F41D4E1C974DA000780B4A /* TVoxxTopShelf.appex */;
			productType = "com.apple.product-type.tv-app-extension";
		};
/* End PBXNativeTarget section */

/* Begin PBXProject section */
		B98FF74C1BFFDAC70095FFBC /* Project object */ = {
			isa = PBXProject;
			attributes = {
				LastSwiftUpdateCheck = 0720;
				LastUpgradeCheck = 0720;
				ORGANIZATIONNAME = Epseelon;
				TargetAttributes = {
					B98FF7531BFFDAC70095FFBC = {
						CreatedOnToolsVersion = 7.2;
						DevelopmentTeam = HLAKBN9F84;
					};
					B98FF7661BFFDAC70095FFBC = {
						CreatedOnToolsVersion = 7.2;
						TestTargetID = B98FF7531BFFDAC70095FFBC;
					};
					B98FF7711BFFDAC70095FFBC = {
						CreatedOnToolsVersion = 7.2;
						TestTargetID = B98FF7531BFFDAC70095FFBC;
					};
					B9F41D4D1C974DA000780B4A = {
						CreatedOnToolsVersion = 7.2.1;
						DevelopmentTeam = HLAKBN9F84;
					};
				};
			};
			buildConfigurationList = B98FF74F1BFFDAC70095FFBC /* Build configuration list for PBXProject "TVoxx" */;
			compatibilityVersion = "Xcode 3.2";
			developmentRegion = English;
			hasScannedForEncodings = 0;
			knownRegions = (
				en,
				Base,
			);
			mainGroup = B98FF74B1BFFDAC70095FFBC;
			productRefGroup = B98FF7551BFFDAC70095FFBC /* Products */;
			projectDirPath = "";
			projectRoot = "";
			targets = (
				B98FF7531BFFDAC70095FFBC /* TVoxx */,
				B98FF7661BFFDAC70095FFBC /* TVoxxTests */,
				B98FF7711BFFDAC70095FFBC /* TVoxxUITests */,
				B9F41D4D1C974DA000780B4A /* TVoxxTopShelf */,
			);
		};
/* End PBXProject section */

/* Begin PBXResourcesBuildPhase section */
		B98FF7521BFFDAC70095FFBC /* Resources */ = {
			isa = PBXResourcesBuildPhase;
			buildActionMask = 2147483647;
			files = (
				B98FF7611BFFDAC70095FFBC /* Assets.xcassets in Resources */,
				B98FF75F1BFFDAC70095FFBC /* Main.storyboard in Resources */,
			);
			runOnlyForDeploymentPostprocessing = 0;
		};
		B98FF7651BFFDAC70095FFBC /* Resources */ = {
			isa = PBXResourcesBuildPhase;
			buildActionMask = 2147483647;
			files = (
			);
			runOnlyForDeploymentPostprocessing = 0;
		};
		B98FF7701BFFDAC70095FFBC /* Resources */ = {
			isa = PBXResourcesBuildPhase;
			buildActionMask = 2147483647;
			files = (
			);
			runOnlyForDeploymentPostprocessing = 0;
		};
		B9F41D4C1C974DA000780B4A /* Resources */ = {
			isa = PBXResourcesBuildPhase;
			buildActionMask = 2147483647;
			files = (
			);
			runOnlyForDeploymentPostprocessing = 0;
		};
/* End PBXResourcesBuildPhase section */

/* Begin PBXShellScriptBuildPhase section */
		1480503FEC9B7D817D691C88 /* 📦 Embed Pods Frameworks */ = {
			isa = PBXShellScriptBuildPhase;
			buildActionMask = 2147483647;
			files = (
			);
			inputPaths = (
			);
			name = "📦 Embed Pods Frameworks";
			outputPaths = (
			);
			runOnlyForDeploymentPostprocessing = 0;
			shellPath = /bin/sh;
			shellScript = "\"${SRCROOT}/Pods/Target Support Files/Pods-TVoxx/Pods-TVoxx-frameworks.sh\"\n";
			showEnvVarsInLog = 0;
		};
		24F6B23348F861E7637BA2B7 /* 📦 Check Pods Manifest.lock */ = {
			isa = PBXShellScriptBuildPhase;
			buildActionMask = 2147483647;
			files = (
			);
			inputPaths = (
			);
			name = "📦 Check Pods Manifest.lock";
			outputPaths = (
			);
			runOnlyForDeploymentPostprocessing = 0;
			shellPath = /bin/sh;
			shellScript = "diff \"${PODS_ROOT}/../Podfile.lock\" \"${PODS_ROOT}/Manifest.lock\" > /dev/null\nif [[ $? != 0 ]] ; then\n    cat << EOM\nerror: The sandbox is not in sync with the Podfile.lock. Run 'pod install' or update your CocoaPods installation.\nEOM\n    exit 1\nfi\n";
			showEnvVarsInLog = 0;
		};
		46A3E931D0B517D9931A4E80 /* 📦 Copy Pods Resources */ = {
			isa = PBXShellScriptBuildPhase;
			buildActionMask = 2147483647;
			files = (
			);
			inputPaths = (
			);
			name = "📦 Copy Pods Resources";
			outputPaths = (
			);
			runOnlyForDeploymentPostprocessing = 0;
			shellPath = /bin/sh;
			shellScript = "\"${SRCROOT}/Pods/Target Support Files/Pods-TVoxxTopShelf/Pods-TVoxxTopShelf-resources.sh\"\n";
			showEnvVarsInLog = 0;
		};
		598BB723EE1EDB4182A45BF3 /* 📦 Embed Pods Frameworks */ = {
			isa = PBXShellScriptBuildPhase;
			buildActionMask = 2147483647;
			files = (
			);
			inputPaths = (
			);
			name = "📦 Embed Pods Frameworks";
			outputPaths = (
			);
			runOnlyForDeploymentPostprocessing = 0;
			shellPath = /bin/sh;
			shellScript = "\"${SRCROOT}/Pods/Target Support Files/Pods-TVoxxTests/Pods-TVoxxTests-frameworks.sh\"\n";
			showEnvVarsInLog = 0;
		};
		9D5F1D27759547A4D4411398 /* 📦 Check Pods Manifest.lock */ = {
			isa = PBXShellScriptBuildPhase;
			buildActionMask = 2147483647;
			files = (
			);
			inputPaths = (
			);
			name = "📦 Check Pods Manifest.lock";
			outputPaths = (
			);
			runOnlyForDeploymentPostprocessing = 0;
			shellPath = /bin/sh;
			shellScript = "diff \"${PODS_ROOT}/../Podfile.lock\" \"${PODS_ROOT}/Manifest.lock\" > /dev/null\nif [[ $? != 0 ]] ; then\n    cat << EOM\nerror: The sandbox is not in sync with the Podfile.lock. Run 'pod install' or update your CocoaPods installation.\nEOM\n    exit 1\nfi\n";
			showEnvVarsInLog = 0;
		};
		B4DB1D81D44265CDD1C690CD /* 📦 Check Pods Manifest.lock */ = {
			isa = PBXShellScriptBuildPhase;
			buildActionMask = 2147483647;
			files = (
			);
			inputPaths = (
			);
			name = "📦 Check Pods Manifest.lock";
			outputPaths = (
			);
			runOnlyForDeploymentPostprocessing = 0;
			shellPath = /bin/sh;
			shellScript = "diff \"${PODS_ROOT}/../Podfile.lock\" \"${PODS_ROOT}/Manifest.lock\" > /dev/null\nif [[ $? != 0 ]] ; then\n    cat << EOM\nerror: The sandbox is not in sync with the Podfile.lock. Run 'pod install' or update your CocoaPods installation.\nEOM\n    exit 1\nfi\n";
			showEnvVarsInLog = 0;
		};
		B9E48B031C99E18F00D2A5AE /* ShellScript */ = {
			isa = PBXShellScriptBuildPhase;
			buildActionMask = 2147483647;
			files = (
			);
			inputPaths = (
			);
			outputPaths = (
			);
			runOnlyForDeploymentPostprocessing = 0;
			shellPath = /bin/bash;
			shellScript = "cd \"${CONFIGURATION_BUILD_DIR}/${UNLOCALIZED_RESOURCES_FOLDER_PATH}/\"\nif [[ -d \"Frameworks\" ]]; then\nrm -fr Frameworks\nfi";
		};
		BF4C87D685FA52D0E7418D9E /* 📦 Copy Pods Resources */ = {
			isa = PBXShellScriptBuildPhase;
			buildActionMask = 2147483647;
			files = (
			);
			inputPaths = (
			);
			name = "📦 Copy Pods Resources";
			outputPaths = (
			);
			runOnlyForDeploymentPostprocessing = 0;
			shellPath = /bin/sh;
			shellScript = "\"${SRCROOT}/Pods/Target Support Files/Pods-TVoxxTests/Pods-TVoxxTests-resources.sh\"\n";
			showEnvVarsInLog = 0;
		};
		D37883EC41B38DF42C4E831F /* 📦 Copy Pods Resources */ = {
			isa = PBXShellScriptBuildPhase;
			buildActionMask = 2147483647;
			files = (
			);
			inputPaths = (
			);
			name = "📦 Copy Pods Resources";
			outputPaths = (
			);
			runOnlyForDeploymentPostprocessing = 0;
			shellPath = /bin/sh;
			shellScript = "\"${SRCROOT}/Pods/Target Support Files/Pods-TVoxx/Pods-TVoxx-resources.sh\"\n";
			showEnvVarsInLog = 0;
		};
		EB893B3A5E7CB23744DD1BD6 /* 📦 Copy Pods Resources */ = {
			isa = PBXShellScriptBuildPhase;
			buildActionMask = 2147483647;
			files = (
			);
			inputPaths = (
			);
			name = "📦 Copy Pods Resources";
			outputPaths = (
			);
			runOnlyForDeploymentPostprocessing = 0;
			shellPath = /bin/sh;
			shellScript = "\"${SRCROOT}/Pods/Target Support Files/Pods-TVoxxUITests/Pods-TVoxxUITests-resources.sh\"\n";
			showEnvVarsInLog = 0;
		};
		F9D564C3E6C2F658079AFB41 /* 📦 Check Pods Manifest.lock */ = {
			isa = PBXShellScriptBuildPhase;
			buildActionMask = 2147483647;
			files = (
			);
			inputPaths = (
			);
			name = "📦 Check Pods Manifest.lock";
			outputPaths = (
			);
			runOnlyForDeploymentPostprocessing = 0;
			shellPath = /bin/sh;
			shellScript = "diff \"${PODS_ROOT}/../Podfile.lock\" \"${PODS_ROOT}/Manifest.lock\" > /dev/null\nif [[ $? != 0 ]] ; then\n    cat << EOM\nerror: The sandbox is not in sync with the Podfile.lock. Run 'pod install' or update your CocoaPods installation.\nEOM\n    exit 1\nfi\n";
			showEnvVarsInLog = 0;
		};
/* End PBXShellScriptBuildPhase section */

/* Begin PBXSourcesBuildPhase section */
		B98FF7501BFFDAC70095FFBC /* Sources */ = {
			isa = PBXSourcesBuildPhase;
			buildActionMask = 2147483647;
			files = (
				B9DCB72E1C8CAF20001B2585 /* SpeakerCollectionViewCell.swift in Sources */,
				B96286B01C878A02006B4142 /* TrackCollectionViewCell.swift in Sources */,
				B9D13B121C0B2D7500EB42DD /* Track.swift in Sources */,
				B942BC201C9340E600957B11 /* SpeakersViewController.swift in Sources */,
				B9E216F61C8F2B0F001C4627 /* Utils.swift in Sources */,
				B96286B21C878FBF006B4142 /* TalkCollectionViewCell.swift in Sources */,
				B93570401C8A5C18001F4589 /* TalkDetailViewController.swift in Sources */,
				B98FF7581BFFDAC70095FFBC /* AppDelegate.swift in Sources */,
				B9DCB7301C8CB1F7001B2585 /* SpeakersCollectionReusableView.swift in Sources */,
				B98FF75A1BFFDAC70095FFBC /* TracksViewController.swift in Sources */,
				B9D13B101C0A878A00EB42DD /* SpeakerListItem.swift in Sources */,
				B916F6971C948C0C0003E182 /* SpeakerDetailViewController.swift in Sources */,
				B928CC321C9C84990026E007 /* SearchResultsViewController.swift in Sources */,
				B90932671C066085008DD9B7 /* TVoxxServer.swift in Sources */,
				B96286B41C878FD7006B4142 /* TrackCollectionReusableView.swift in Sources */,
				B98C9CFA1C066401007A47DE /* TalkListItem.swift in Sources */,
				B9DCB72C1C8C5D88001B2585 /* TalkDetail.swift in Sources */,
				B9AEA2101C94C8D0005BC13B /* SpeakerDetail.swift in Sources */,
				B9F8114C1C94DBBE0099031F /* TalksCollectionReusableView.swift in Sources */,
			);
			runOnlyForDeploymentPostprocessing = 0;
		};
		B98FF7631BFFDAC70095FFBC /* Sources */ = {
			isa = PBXSourcesBuildPhase;
			buildActionMask = 2147483647;
			files = (
				B98FF76C1BFFDAC70095FFBC /* TVoxxTests.swift in Sources */,
			);
			runOnlyForDeploymentPostprocessing = 0;
		};
		B98FF76E1BFFDAC70095FFBC /* Sources */ = {
			isa = PBXSourcesBuildPhase;
			buildActionMask = 2147483647;
			files = (
				B98FF7771BFFDAC70095FFBC /* TVoxxUITests.swift in Sources */,
			);
			runOnlyForDeploymentPostprocessing = 0;
		};
		B9F41D4A1C974DA000780B4A /* Sources */ = {
			isa = PBXSourcesBuildPhase;
			buildActionMask = 2147483647;
			files = (
				B99FEADD1C99B84400F7667A /* SpeakerDetail.swift in Sources */,
				B99FEAD81C99B83500F7667A /* TVoxxServer.swift in Sources */,
				B99FEAD91C99B83800F7667A /* SpeakerListItem.swift in Sources */,
				B9F41D531C974DA000780B4A /* ServiceProvider.swift in Sources */,
				B99FEADA1C99B83B00F7667A /* Track.swift in Sources */,
				B99FEADC1C99B84100F7667A /* TalkDetail.swift in Sources */,
				B99FEADB1C99B83E00F7667A /* TalkListItem.swift in Sources */,
			);
			runOnlyForDeploymentPostprocessing = 0;
		};
/* End PBXSourcesBuildPhase section */

/* Begin PBXTargetDependency section */
		B98FF7691BFFDAC70095FFBC /* PBXTargetDependency */ = {
			isa = PBXTargetDependency;
			target = B98FF7531BFFDAC70095FFBC /* TVoxx */;
			targetProxy = B98FF7681BFFDAC70095FFBC /* PBXContainerItemProxy */;
		};
		B98FF7741BFFDAC70095FFBC /* PBXTargetDependency */ = {
			isa = PBXTargetDependency;
			target = B98FF7531BFFDAC70095FFBC /* TVoxx */;
			targetProxy = B98FF7731BFFDAC70095FFBC /* PBXContainerItemProxy */;
		};
		B9F41D561C974DA000780B4A /* PBXTargetDependency */ = {
			isa = PBXTargetDependency;
			target = B9F41D4D1C974DA000780B4A /* TVoxxTopShelf */;
			targetProxy = B9F41D551C974DA000780B4A /* PBXContainerItemProxy */;
		};
/* End PBXTargetDependency section */

/* Begin PBXVariantGroup section */
		B98FF75D1BFFDAC70095FFBC /* Main.storyboard */ = {
			isa = PBXVariantGroup;
			children = (
				B98FF75E1BFFDAC70095FFBC /* Base */,
			);
			name = Main.storyboard;
			sourceTree = "<group>";
		};
/* End PBXVariantGroup section */

/* Begin XCBuildConfiguration section */
		B98FF7791BFFDAC70095FFBC /* Debug */ = {
			isa = XCBuildConfiguration;
			buildSettings = {
				ALWAYS_SEARCH_USER_PATHS = NO;
				CLANG_CXX_LANGUAGE_STANDARD = "gnu++0x";
				CLANG_CXX_LIBRARY = "libc++";
				CLANG_ENABLE_MODULES = YES;
				CLANG_ENABLE_OBJC_ARC = YES;
				CLANG_WARN_BOOL_CONVERSION = YES;
				CLANG_WARN_CONSTANT_CONVERSION = YES;
				CLANG_WARN_DIRECT_OBJC_ISA_USAGE = YES_ERROR;
				CLANG_WARN_EMPTY_BODY = YES;
				CLANG_WARN_ENUM_CONVERSION = YES;
				CLANG_WARN_INT_CONVERSION = YES;
				CLANG_WARN_OBJC_ROOT_CLASS = YES_ERROR;
				CLANG_WARN_UNREACHABLE_CODE = YES;
				CLANG_WARN__DUPLICATE_METHOD_MATCH = YES;
				COPY_PHASE_STRIP = NO;
				DEBUG_INFORMATION_FORMAT = dwarf;
				ENABLE_STRICT_OBJC_MSGSEND = YES;
				ENABLE_TESTABILITY = YES;
				GCC_C_LANGUAGE_STANDARD = gnu99;
				GCC_DYNAMIC_NO_PIC = NO;
				GCC_NO_COMMON_BLOCKS = YES;
				GCC_OPTIMIZATION_LEVEL = 0;
				GCC_PREPROCESSOR_DEFINITIONS = (
					"DEBUG=1",
					"$(inherited)",
				);
				GCC_WARN_64_TO_32_BIT_CONVERSION = YES;
				GCC_WARN_ABOUT_RETURN_TYPE = YES_ERROR;
				GCC_WARN_UNDECLARED_SELECTOR = YES;
				GCC_WARN_UNINITIALIZED_AUTOS = YES_AGGRESSIVE;
				GCC_WARN_UNUSED_FUNCTION = YES;
				GCC_WARN_UNUSED_VARIABLE = YES;
				MTL_ENABLE_DEBUG_INFO = YES;
				ONLY_ACTIVE_ARCH = YES;
				SDKROOT = appletvos;
				SWIFT_OPTIMIZATION_LEVEL = "-Onone";
				TARGETED_DEVICE_FAMILY = 3;
				TVOS_DEPLOYMENT_TARGET = 9.1;
			};
			name = Debug;
		};
		B98FF77A1BFFDAC70095FFBC /* Release */ = {
			isa = XCBuildConfiguration;
			buildSettings = {
				ALWAYS_SEARCH_USER_PATHS = NO;
				CLANG_CXX_LANGUAGE_STANDARD = "gnu++0x";
				CLANG_CXX_LIBRARY = "libc++";
				CLANG_ENABLE_MODULES = YES;
				CLANG_ENABLE_OBJC_ARC = YES;
				CLANG_WARN_BOOL_CONVERSION = YES;
				CLANG_WARN_CONSTANT_CONVERSION = YES;
				CLANG_WARN_DIRECT_OBJC_ISA_USAGE = YES_ERROR;
				CLANG_WARN_EMPTY_BODY = YES;
				CLANG_WARN_ENUM_CONVERSION = YES;
				CLANG_WARN_INT_CONVERSION = YES;
				CLANG_WARN_OBJC_ROOT_CLASS = YES_ERROR;
				CLANG_WARN_UNREACHABLE_CODE = YES;
				CLANG_WARN__DUPLICATE_METHOD_MATCH = YES;
				COPY_PHASE_STRIP = NO;
				DEBUG_INFORMATION_FORMAT = "dwarf-with-dsym";
				ENABLE_NS_ASSERTIONS = NO;
				ENABLE_STRICT_OBJC_MSGSEND = YES;
				GCC_C_LANGUAGE_STANDARD = gnu99;
				GCC_NO_COMMON_BLOCKS = YES;
				GCC_WARN_64_TO_32_BIT_CONVERSION = YES;
				GCC_WARN_ABOUT_RETURN_TYPE = YES_ERROR;
				GCC_WARN_UNDECLARED_SELECTOR = YES;
				GCC_WARN_UNINITIALIZED_AUTOS = YES_AGGRESSIVE;
				GCC_WARN_UNUSED_FUNCTION = YES;
				GCC_WARN_UNUSED_VARIABLE = YES;
				MTL_ENABLE_DEBUG_INFO = NO;
				SDKROOT = appletvos;
				TARGETED_DEVICE_FAMILY = 3;
				TVOS_DEPLOYMENT_TARGET = 9.1;
				VALIDATE_PRODUCT = YES;
			};
			name = Release;
		};
		B98FF77C1BFFDAC70095FFBC /* Debug */ = {
			isa = XCBuildConfiguration;
			baseConfigurationReference = CF4B509857BA6A1C5BC23796 /* Pods-TVoxx.debug.xcconfig */;
			buildSettings = {
				ASSETCATALOG_COMPILER_APPICON_NAME = "App Icon & Top Shelf Image";
				ASSETCATALOG_COMPILER_LAUNCHIMAGE_NAME = LaunchImage;
				CODE_SIGN_IDENTITY = "iPhone Developer";
				"CODE_SIGN_IDENTITY[sdk=appletvos*]" = "iPhone Developer";
				EMBEDDED_CONTENT_CONTAINS_SWIFT = "$(inherited)";
				INFOPLIST_FILE = TVoxx/Info.plist;
				LD_RUNPATH_SEARCH_PATHS = "$(inherited) @executable_path/Frameworks";
				PRODUCT_BUNDLE_IDENTIFIER = com.epseelon.TVoxx;
				PRODUCT_NAME = "$(TARGET_NAME)";
				PROVISIONING_PROFILE = "";
				SWIFT_OBJC_BRIDGING_HEADER = "";
			};
			name = Debug;
		};
		B98FF77D1BFFDAC70095FFBC /* Release */ = {
			isa = XCBuildConfiguration;
			baseConfigurationReference = 4FB3FBE1B7CDBA18796CD697 /* Pods-TVoxx.release.xcconfig */;
			buildSettings = {
				ASSETCATALOG_COMPILER_APPICON_NAME = "App Icon & Top Shelf Image";
				ASSETCATALOG_COMPILER_LAUNCHIMAGE_NAME = LaunchImage;
				CODE_SIGN_IDENTITY = "iPhone Distribution";
				"CODE_SIGN_IDENTITY[sdk=appletvos*]" = "iPhone Distribution";
				EMBEDDED_CONTENT_CONTAINS_SWIFT = "$(inherited)";
				INFOPLIST_FILE = TVoxx/Info.plist;
				LD_RUNPATH_SEARCH_PATHS = "$(inherited) @executable_path/Frameworks";
				PRODUCT_BUNDLE_IDENTIFIER = com.epseelon.TVoxx;
				PRODUCT_NAME = "$(TARGET_NAME)";
				PROVISIONING_PROFILE = "";
				SWIFT_OBJC_BRIDGING_HEADER = "";
			};
			name = Release;
		};
		B98FF77F1BFFDAC70095FFBC /* Debug */ = {
			isa = XCBuildConfiguration;
			baseConfigurationReference = D56459534C5C7660672D9690 /* Pods-TVoxxTests.debug.xcconfig */;
			buildSettings = {
				BUNDLE_LOADER = "$(TEST_HOST)";
				INFOPLIST_FILE = TVoxxTests/Info.plist;
				LD_RUNPATH_SEARCH_PATHS = "$(inherited) @executable_path/Frameworks @loader_path/Frameworks";
				PRODUCT_BUNDLE_IDENTIFIER = com.epseelon.TVoxxTests;
				PRODUCT_NAME = "$(TARGET_NAME)";
				TEST_HOST = "$(BUILT_PRODUCTS_DIR)/TVoxx.app/TVoxx";
			};
			name = Debug;
		};
		B98FF7801BFFDAC70095FFBC /* Release */ = {
			isa = XCBuildConfiguration;
			baseConfigurationReference = 583540FA31A30FA484500274 /* Pods-TVoxxTests.release.xcconfig */;
			buildSettings = {
				BUNDLE_LOADER = "$(TEST_HOST)";
				INFOPLIST_FILE = TVoxxTests/Info.plist;
				LD_RUNPATH_SEARCH_PATHS = "$(inherited) @executable_path/Frameworks @loader_path/Frameworks";
				PRODUCT_BUNDLE_IDENTIFIER = com.epseelon.TVoxxTests;
				PRODUCT_NAME = "$(TARGET_NAME)";
				TEST_HOST = "$(BUILT_PRODUCTS_DIR)/TVoxx.app/TVoxx";
			};
			name = Release;
		};
		B98FF7821BFFDAC70095FFBC /* Debug */ = {
			isa = XCBuildConfiguration;
			baseConfigurationReference = 36C47CAE0885434EE7C5EB26 /* Pods-TVoxxUITests.debug.xcconfig */;
			buildSettings = {
				INFOPLIST_FILE = TVoxxUITests/Info.plist;
				LD_RUNPATH_SEARCH_PATHS = "$(inherited) @executable_path/Frameworks @loader_path/Frameworks";
				PRODUCT_BUNDLE_IDENTIFIER = com.epseelon.TVoxxUITests;
				PRODUCT_NAME = "$(TARGET_NAME)";
				TEST_TARGET_NAME = TVoxx;
				USES_XCTRUNNER = YES;
			};
			name = Debug;
		};
		B98FF7831BFFDAC70095FFBC /* Release */ = {
			isa = XCBuildConfiguration;
			baseConfigurationReference = BB824B1776BB7ADC3A32CEF6 /* Pods-TVoxxUITests.release.xcconfig */;
			buildSettings = {
				INFOPLIST_FILE = TVoxxUITests/Info.plist;
				LD_RUNPATH_SEARCH_PATHS = "$(inherited) @executable_path/Frameworks @loader_path/Frameworks";
				PRODUCT_BUNDLE_IDENTIFIER = com.epseelon.TVoxxUITests;
				PRODUCT_NAME = "$(TARGET_NAME)";
				TEST_TARGET_NAME = TVoxx;
				USES_XCTRUNNER = YES;
			};
			name = Release;
		};
		B9F41D581C974DA000780B4A /* Debug */ = {
			isa = XCBuildConfiguration;
			baseConfigurationReference = E1025217F9F93459C9A160CA /* Pods-TVoxxTopShelf.debug.xcconfig */;
			buildSettings = {
				CODE_SIGN_IDENTITY = "iPhone Developer";
				"CODE_SIGN_IDENTITY[sdk=appletvos*]" = "iPhone Developer";
				EMBEDDED_CONTENT_CONTAINS_SWIFT = NO;
				INFOPLIST_FILE = TVoxxTopShelf/Info.plist;
				LD_RUNPATH_SEARCH_PATHS = "$(inherited) @executable_path/Frameworks @executable_path/../../Frameworks";
				PRODUCT_BUNDLE_IDENTIFIER = com.epseelon.TVoxx.TVoxxTopShelf;
				PRODUCT_NAME = "$(TARGET_NAME)";
				SKIP_INSTALL = YES;
			};
			name = Debug;
		};
		B9F41D591C974DA000780B4A /* Release */ = {
			isa = XCBuildConfiguration;
			baseConfigurationReference = D2FD7D25B043B392BD9D7623 /* Pods-TVoxxTopShelf.release.xcconfig */;
			buildSettings = {
				CODE_SIGN_IDENTITY = "iPhone Distribution";
				"CODE_SIGN_IDENTITY[sdk=appletvos*]" = "iPhone Distribution";
				EMBEDDED_CONTENT_CONTAINS_SWIFT = NO;
				INFOPLIST_FILE = TVoxxTopShelf/Info.plist;
				LD_RUNPATH_SEARCH_PATHS = "$(inherited) @executable_path/Frameworks @executable_path/../../Frameworks";
				PRODUCT_BUNDLE_IDENTIFIER = com.epseelon.TVoxx.TVoxxTopShelf;
				PRODUCT_NAME = "$(TARGET_NAME)";
				SKIP_INSTALL = YES;
			};
			name = Release;
		};
/* End XCBuildConfiguration section */

/* Begin XCConfigurationList section */
		B98FF74F1BFFDAC70095FFBC /* Build configuration list for PBXProject "TVoxx" */ = {
			isa = XCConfigurationList;
			buildConfigurations = (
				B98FF7791BFFDAC70095FFBC /* Debug */,
				B98FF77A1BFFDAC70095FFBC /* Release */,
			);
			defaultConfigurationIsVisible = 0;
			defaultConfigurationName = Release;
		};
		B98FF77B1BFFDAC70095FFBC /* Build configuration list for PBXNativeTarget "TVoxx" */ = {
			isa = XCConfigurationList;
			buildConfigurations = (
				B98FF77C1BFFDAC70095FFBC /* Debug */,
				B98FF77D1BFFDAC70095FFBC /* Release */,
			);
			defaultConfigurationIsVisible = 0;
			defaultConfigurationName = Release;
		};
		B98FF77E1BFFDAC70095FFBC /* Build configuration list for PBXNativeTarget "TVoxxTests" */ = {
			isa = XCConfigurationList;
			buildConfigurations = (
				B98FF77F1BFFDAC70095FFBC /* Debug */,
				B98FF7801BFFDAC70095FFBC /* Release */,
			);
			defaultConfigurationIsVisible = 0;
			defaultConfigurationName = Release;
		};
		B98FF7811BFFDAC70095FFBC /* Build configuration list for PBXNativeTarget "TVoxxUITests" */ = {
			isa = XCConfigurationList;
			buildConfigurations = (
				B98FF7821BFFDAC70095FFBC /* Debug */,
				B98FF7831BFFDAC70095FFBC /* Release */,
			);
			defaultConfigurationIsVisible = 0;
			defaultConfigurationName = Release;
		};
		B9F41D5A1C974DA000780B4A /* Build configuration list for PBXNativeTarget "TVoxxTopShelf" */ = {
			isa = XCConfigurationList;
			buildConfigurations = (
				B9F41D581C974DA000780B4A /* Debug */,
				B9F41D591C974DA000780B4A /* Release */,
			);
			defaultConfigurationIsVisible = 0;
			defaultConfigurationName = Release;
		};
/* End XCConfigurationList section */
	};
	rootObject = B98FF74C1BFFDAC70095FFBC /* Project object */;
}
